// !$*UTF8*$!
{
	archiveVersion = 1;
	classes = {
	};
	objectVersion = 46;
	objects = {

/* Begin PBXBuildFile section */
		064193631F06BA8C00B7B3FE /* Animation.swift in Sources */ = {isa = PBXBuildFile; fileRef = 064193621F06BA8C00B7B3FE /* Animation.swift */; };
		0641936D1F0A9F3D00B7B3FE /* Target.swift in Sources */ = {isa = PBXBuildFile; fileRef = 0641936C1F0A9F3D00B7B3FE /* Target.swift */; };
		0641936F1F0AA04000B7B3FE /* CustomColor.swift in Sources */ = {isa = PBXBuildFile; fileRef = 0641936E1F0AA04000B7B3FE /* CustomColor.swift */; };
		064193711F0AA72D00B7B3FE /* TargetSquare.swift in Sources */ = {isa = PBXBuildFile; fileRef = 064193701F0AA72D00B7B3FE /* TargetSquare.swift */; };
		064193751F0C6D2E00B7B3FE /* TargetCross.swift in Sources */ = {isa = PBXBuildFile; fileRef = 064193741F0C6D2E00B7B3FE /* TargetCross.swift */; };
		064193771F0D3F3F00B7B3FE /* TargetBar.swift in Sources */ = {isa = PBXBuildFile; fileRef = 064193761F0D3F3F00B7B3FE /* TargetBar.swift */; };
		064193791F0D6D3A00B7B3FE /* Global.swift in Sources */ = {isa = PBXBuildFile; fileRef = 064193781F0D6D3A00B7B3FE /* Global.swift */; };
		0641937C1F103FA900B7B3FE /* QuadAdView.swift in Sources */ = {isa = PBXBuildFile; fileRef = 0641937B1F103FA900B7B3FE /* QuadAdView.swift */; };
		0641937E1F108CD600B7B3FE /* NumberBlazerAdView.swift in Sources */ = {isa = PBXBuildFile; fileRef = 0641937D1F108CD600B7B3FE /* NumberBlazerAdView.swift */; };
		064193801F108CFF00B7B3FE /* RansomAdView.swift in Sources */ = {isa = PBXBuildFile; fileRef = 0641937F1F108CFF00B7B3FE /* RansomAdView.swift */; };
		064193821F108D1100B7B3FE /* FoobleAdView.swift in Sources */ = {isa = PBXBuildFile; fileRef = 064193811F108D1100B7B3FE /* FoobleAdView.swift */; };
		064193841F108D5D00B7B3FE /* FiretailAdView.swift in Sources */ = {isa = PBXBuildFile; fileRef = 064193831F108D5D00B7B3FE /* FiretailAdView.swift */; };
		064193861F110BF500B7B3FE /* ping.wav in Resources */ = {isa = PBXBuildFile; fileRef = 064193851F110BF500B7B3FE /* ping.wav */; };
		064193881F110BFB00B7B3FE /* bounce.wav in Resources */ = {isa = PBXBuildFile; fileRef = 064193871F110BFB00B7B3FE /* bounce.wav */; };
		064F14201F1936E400C970A7 /* Dot.swift in Sources */ = {isa = PBXBuildFile; fileRef = 064F141F1F1936E400C970A7 /* Dot.swift */; };
		0692118A1EFF499B000953BA /* AppDelegate.swift in Sources */ = {isa = PBXBuildFile; fileRef = 069211891EFF499B000953BA /* AppDelegate.swift */; };
		0692118C1EFF499B000953BA /* GameScene.sks in Resources */ = {isa = PBXBuildFile; fileRef = 0692118B1EFF499B000953BA /* GameScene.sks */; };
		0692118E1EFF499B000953BA /* Actions.sks in Resources */ = {isa = PBXBuildFile; fileRef = 0692118D1EFF499B000953BA /* Actions.sks */; };
		069211901EFF499B000953BA /* GameScene.swift in Sources */ = {isa = PBXBuildFile; fileRef = 0692118F1EFF499B000953BA /* GameScene.swift */; };
		069211921EFF499B000953BA /* GameViewController.swift in Sources */ = {isa = PBXBuildFile; fileRef = 069211911EFF499B000953BA /* GameViewController.swift */; };
		069211951EFF499B000953BA /* Main.storyboard in Resources */ = {isa = PBXBuildFile; fileRef = 069211931EFF499B000953BA /* Main.storyboard */; };
		069211971EFF499B000953BA /* Assets.xcassets in Resources */ = {isa = PBXBuildFile; fileRef = 069211961EFF499B000953BA /* Assets.xcassets */; };
		0692119A1EFF499B000953BA /* LaunchScreen.storyboard in Resources */ = {isa = PBXBuildFile; fileRef = 069211981EFF499B000953BA /* LaunchScreen.storyboard */; };
		069211A21F015D00000953BA /* MenuButtons.swift in Sources */ = {isa = PBXBuildFile; fileRef = 069211A11F015D00000953BA /* MenuButtons.swift */; };
		069211A41F016191000953BA /* GameOverView.swift in Sources */ = {isa = PBXBuildFile; fileRef = 069211A31F016191000953BA /* GameOverView.swift */; };
		069211A61F01727C000953BA /* UIProtocolExtentions.swift in Sources */ = {isa = PBXBuildFile; fileRef = 069211A51F01727C000953BA /* UIProtocolExtentions.swift */; };
		06962E321F041841004D290B /* ProjectileDrawings.swift in Sources */ = {isa = PBXBuildFile; fileRef = 06962E311F041841004D290B /* ProjectileDrawings.swift */; };
		2104A0B7D67CB4D3EFFE9173 /* Pods_plinker.framework in Frameworks */ = {isa = PBXBuildFile; fileRef = CE2256B852D377CE6408BF74 /* Pods_plinker.framework */; };
/* End PBXBuildFile section */

/* Begin PBXFileReference section */
		064193621F06BA8C00B7B3FE /* Animation.swift */ = {isa = PBXFileReference; fileEncoding = 4; lastKnownFileType = sourcecode.swift; path = Animation.swift; sourceTree = "<group>"; };
		0641936C1F0A9F3D00B7B3FE /* Target.swift */ = {isa = PBXFileReference; fileEncoding = 4; lastKnownFileType = sourcecode.swift; path = Target.swift; sourceTree = "<group>"; };
		0641936E1F0AA04000B7B3FE /* CustomColor.swift */ = {isa = PBXFileReference; fileEncoding = 4; lastKnownFileType = sourcecode.swift; path = CustomColor.swift; sourceTree = "<group>"; };
		064193701F0AA72D00B7B3FE /* TargetSquare.swift */ = {isa = PBXFileReference; fileEncoding = 4; lastKnownFileType = sourcecode.swift; path = TargetSquare.swift; sourceTree = "<group>"; };
		064193741F0C6D2E00B7B3FE /* TargetCross.swift */ = {isa = PBXFileReference; fileEncoding = 4; lastKnownFileType = sourcecode.swift; path = TargetCross.swift; sourceTree = "<group>"; };
		064193761F0D3F3F00B7B3FE /* TargetBar.swift */ = {isa = PBXFileReference; fileEncoding = 4; lastKnownFileType = sourcecode.swift; path = TargetBar.swift; sourceTree = "<group>"; };
		064193781F0D6D3A00B7B3FE /* Global.swift */ = {isa = PBXFileReference; fileEncoding = 4; lastKnownFileType = sourcecode.swift; path = Global.swift; sourceTree = "<group>"; };
		0641937B1F103FA900B7B3FE /* QuadAdView.swift */ = {isa = PBXFileReference; fileEncoding = 4; lastKnownFileType = sourcecode.swift; path = QuadAdView.swift; sourceTree = "<group>"; };
		0641937D1F108CD600B7B3FE /* NumberBlazerAdView.swift */ = {isa = PBXFileReference; fileEncoding = 4; lastKnownFileType = sourcecode.swift; path = NumberBlazerAdView.swift; sourceTree = "<group>"; };
		0641937F1F108CFF00B7B3FE /* RansomAdView.swift */ = {isa = PBXFileReference; fileEncoding = 4; lastKnownFileType = sourcecode.swift; path = RansomAdView.swift; sourceTree = "<group>"; };
		064193811F108D1100B7B3FE /* FoobleAdView.swift */ = {isa = PBXFileReference; fileEncoding = 4; lastKnownFileType = sourcecode.swift; path = FoobleAdView.swift; sourceTree = "<group>"; };
		064193831F108D5D00B7B3FE /* FiretailAdView.swift */ = {isa = PBXFileReference; fileEncoding = 4; lastKnownFileType = sourcecode.swift; path = FiretailAdView.swift; sourceTree = "<group>"; };
		064193851F110BF500B7B3FE /* ping.wav */ = {isa = PBXFileReference; lastKnownFileType = audio.wav; path = ping.wav; sourceTree = "<group>"; };
		064193871F110BFB00B7B3FE /* bounce.wav */ = {isa = PBXFileReference; lastKnownFileType = audio.wav; path = bounce.wav; sourceTree = "<group>"; };
		064F141F1F1936E400C970A7 /* Dot.swift */ = {isa = PBXFileReference; fileEncoding = 4; lastKnownFileType = sourcecode.swift; path = Dot.swift; sourceTree = "<group>"; };
		069211861EFF499B000953BA /* plinker.app */ = {isa = PBXFileReference; explicitFileType = wrapper.application; includeInIndex = 0; path = plinker.app; sourceTree = BUILT_PRODUCTS_DIR; };
		069211891EFF499B000953BA /* AppDelegate.swift */ = {isa = PBXFileReference; lastKnownFileType = sourcecode.swift; path = AppDelegate.swift; sourceTree = "<group>"; };
		0692118B1EFF499B000953BA /* GameScene.sks */ = {isa = PBXFileReference; lastKnownFileType = file.sks; path = GameScene.sks; sourceTree = "<group>"; };
		0692118D1EFF499B000953BA /* Actions.sks */ = {isa = PBXFileReference; lastKnownFileType = file.sks; path = Actions.sks; sourceTree = "<group>"; };
		0692118F1EFF499B000953BA /* GameScene.swift */ = {isa = PBXFileReference; lastKnownFileType = sourcecode.swift; path = GameScene.swift; sourceTree = "<group>"; };
		069211911EFF499B000953BA /* GameViewController.swift */ = {isa = PBXFileReference; lastKnownFileType = sourcecode.swift; path = GameViewController.swift; sourceTree = "<group>"; };
		069211941EFF499B000953BA /* Base */ = {isa = PBXFileReference; lastKnownFileType = file.storyboard; name = Base; path = Base.lproj/Main.storyboard; sourceTree = "<group>"; };
		069211961EFF499B000953BA /* Assets.xcassets */ = {isa = PBXFileReference; lastKnownFileType = folder.assetcatalog; path = Assets.xcassets; sourceTree = "<group>"; };
		069211991EFF499B000953BA /* Base */ = {isa = PBXFileReference; lastKnownFileType = file.storyboard; name = Base; path = Base.lproj/LaunchScreen.storyboard; sourceTree = "<group>"; };
		0692119B1EFF499C000953BA /* Info.plist */ = {isa = PBXFileReference; lastKnownFileType = text.plist.xml; path = Info.plist; sourceTree = "<group>"; };
		069211A11F015D00000953BA /* MenuButtons.swift */ = {isa = PBXFileReference; fileEncoding = 4; lastKnownFileType = sourcecode.swift; path = MenuButtons.swift; sourceTree = "<group>"; };
		069211A31F016191000953BA /* GameOverView.swift */ = {isa = PBXFileReference; fileEncoding = 4; lastKnownFileType = sourcecode.swift; path = GameOverView.swift; sourceTree = "<group>"; };
		069211A51F01727C000953BA /* UIProtocolExtentions.swift */ = {isa = PBXFileReference; fileEncoding = 4; lastKnownFileType = sourcecode.swift; path = UIProtocolExtentions.swift; sourceTree = "<group>"; };
		06962E311F041841004D290B /* ProjectileDrawings.swift */ = {isa = PBXFileReference; fileEncoding = 4; lastKnownFileType = sourcecode.swift; path = ProjectileDrawings.swift; sourceTree = "<group>"; };
		3C6CD54DDCF8AF78413B5BD5 /* Pods-plinker.debug.xcconfig */ = {isa = PBXFileReference; includeInIndex = 1; lastKnownFileType = text.xcconfig; name = "Pods-plinker.debug.xcconfig"; path = "Pods/Target Support Files/Pods-plinker/Pods-plinker.debug.xcconfig"; sourceTree = "<group>"; };
		87323BCCBEA979D28EF1C5F2 /* Pods-plinker.release.xcconfig */ = {isa = PBXFileReference; includeInIndex = 1; lastKnownFileType = text.xcconfig; name = "Pods-plinker.release.xcconfig"; path = "Pods/Target Support Files/Pods-plinker/Pods-plinker.release.xcconfig"; sourceTree = "<group>"; };
		CE2256B852D377CE6408BF74 /* Pods_plinker.framework */ = {isa = PBXFileReference; explicitFileType = wrapper.framework; includeInIndex = 0; path = Pods_plinker.framework; sourceTree = BUILT_PRODUCTS_DIR; };
/* End PBXFileReference section */

/* Begin PBXFrameworksBuildPhase section */
		069211831EFF499B000953BA /* Frameworks */ = {
			isa = PBXFrameworksBuildPhase;
			buildActionMask = 2147483647;
			files = (
				2104A0B7D67CB4D3EFFE9173 /* Pods_plinker.framework in Frameworks */,
			);
			runOnlyForDeploymentPostprocessing = 0;
		};
/* End PBXFrameworksBuildPhase section */

/* Begin PBXGroup section */
		064193721F0ADF7800B7B3FE /* Plinker Targets */ = {
			isa = PBXGroup;
			children = (
				0641936C1F0A9F3D00B7B3FE /* Target.swift */,
				064193741F0C6D2E00B7B3FE /* TargetCross.swift */,
				064193761F0D3F3F00B7B3FE /* TargetBar.swift */,
				064193701F0AA72D00B7B3FE /* TargetSquare.swift */,
			);
			name = "Plinker Targets";
			sourceTree = "<group>";
		};
		064193731F0ADF9200B7B3FE /* sks files */ = {
			isa = PBXGroup;
			children = (
				0692118B1EFF499B000953BA /* GameScene.sks */,
				0692118D1EFF499B000953BA /* Actions.sks */,
			);
			name = "sks files";
			sourceTree = "<group>";
		};
		064193891F110C0B00B7B3FE /* sounds */ = {
			isa = PBXGroup;
			children = (
				064193851F110BF500B7B3FE /* ping.wav */,
				064193871F110BFB00B7B3FE /* bounce.wav */,
			);
			name = sounds;
			sourceTree = "<group>";
		};
		0692117D1EFF499B000953BA = {
			isa = PBXGroup;
			children = (
				069211881EFF499B000953BA /* plinker */,
				069211871EFF499B000953BA /* Products */,
				146EF33D5FBDD09C6C600123 /* Pods */,
				16131D322484FE0CD8D5416E /* Frameworks */,
			);
			sourceTree = "<group>";
		};
		069211871EFF499B000953BA /* Products */ = {
			isa = PBXGroup;
			children = (
				069211861EFF499B000953BA /* plinker.app */,
			);
			name = Products;
			sourceTree = "<group>";
		};
		069211881EFF499B000953BA /* plinker */ = {
			isa = PBXGroup;
			children = (
				069211891EFF499B000953BA /* AppDelegate.swift */,
				064193781F0D6D3A00B7B3FE /* Global.swift */,
				064193891F110C0B00B7B3FE /* sounds */,
				069211A11F015D00000953BA /* MenuButtons.swift */,
				0641937B1F103FA900B7B3FE /* QuadAdView.swift */,
				0641937D1F108CD600B7B3FE /* NumberBlazerAdView.swift */,
				0641937F1F108CFF00B7B3FE /* RansomAdView.swift */,
				064193811F108D1100B7B3FE /* FoobleAdView.swift */,
				064193831F108D5D00B7B3FE /* FiretailAdView.swift */,
				069211A51F01727C000953BA /* UIProtocolExtentions.swift */,
				069211A31F016191000953BA /* GameOverView.swift */,
				064F141F1F1936E400C970A7 /* Dot.swift */,
				064193721F0ADF7800B7B3FE /* Plinker Targets */,
				064193731F0ADF9200B7B3FE /* sks files */,
				0692118F1EFF499B000953BA /* GameScene.swift */,
				0641936E1F0AA04000B7B3FE /* CustomColor.swift */,
				06962E311F041841004D290B /* ProjectileDrawings.swift */,
				069211911EFF499B000953BA /* GameViewController.swift */,
				064193621F06BA8C00B7B3FE /* Animation.swift */,
				069211931EFF499B000953BA /* Main.storyboard */,
				069211961EFF499B000953BA /* Assets.xcassets */,
				069211981EFF499B000953BA /* LaunchScreen.storyboard */,
				0692119B1EFF499C000953BA /* Info.plist */,
			);
			path = plinker;
			sourceTree = "<group>";
		};
		146EF33D5FBDD09C6C600123 /* Pods */ = {
			isa = PBXGroup;
			children = (
				3C6CD54DDCF8AF78413B5BD5 /* Pods-plinker.debug.xcconfig */,
				87323BCCBEA979D28EF1C5F2 /* Pods-plinker.release.xcconfig */,
			);
			name = Pods;
			sourceTree = "<group>";
		};
		16131D322484FE0CD8D5416E /* Frameworks */ = {
			isa = PBXGroup;
			children = (
				CE2256B852D377CE6408BF74 /* Pods_plinker.framework */,
			);
			name = Frameworks;
			sourceTree = "<group>";
		};
/* End PBXGroup section */

/* Begin PBXNativeTarget section */
		069211851EFF499B000953BA /* plinker */ = {
			isa = PBXNativeTarget;
			buildConfigurationList = 0692119E1EFF499C000953BA /* Build configuration list for PBXNativeTarget "plinker" */;
			buildPhases = (
				F77A5312AAFD52F6C937A466 /* [CP] Check Pods Manifest.lock */,
				069211821EFF499B000953BA /* Sources */,
				069211831EFF499B000953BA /* Frameworks */,
				069211841EFF499B000953BA /* Resources */,
				30B5725209272E26FE83D4DE /* [CP] Embed Pods Frameworks */,
				008FF4FB549037905BE9B0F6 /* [CP] Copy Pods Resources */,
				0641937A1F0FFB5200B7B3FE /* ShellScript */,
			);
			buildRules = (
			);
			dependencies = (
			);
			name = plinker;
			productName = plinker;
			productReference = 069211861EFF499B000953BA /* plinker.app */;
			productType = "com.apple.product-type.application";
		};
/* End PBXNativeTarget section */

/* Begin PBXProject section */
		0692117E1EFF499B000953BA /* Project object */ = {
			isa = PBXProject;
			attributes = {
				LastSwiftUpdateCheck = 0830;
				LastUpgradeCheck = 0830;
				ORGANIZATIONNAME = "Aaron Halvorsen";
				TargetAttributes = {
					069211851EFF499B000953BA = {
						CreatedOnToolsVersion = 8.3.3;
						DevelopmentTeam = 3KFA49ZHXN;
						ProvisioningStyle = Automatic;
					};
				};
			};
			buildConfigurationList = 069211811EFF499B000953BA /* Build configuration list for PBXProject "plinker" */;
			compatibilityVersion = "Xcode 3.2";
			developmentRegion = English;
			hasScannedForEncodings = 0;
			knownRegions = (
				en,
				Base,
			);
			mainGroup = 0692117D1EFF499B000953BA;
			productRefGroup = 069211871EFF499B000953BA /* Products */;
			projectDirPath = "";
			projectRoot = "";
			targets = (
				069211851EFF499B000953BA /* plinker */,
			);
		};
/* End PBXProject section */

/* Begin PBXResourcesBuildPhase section */
		069211841EFF499B000953BA /* Resources */ = {
			isa = PBXResourcesBuildPhase;
			buildActionMask = 2147483647;
			files = (
				069211951EFF499B000953BA /* Main.storyboard in Resources */,
				0692118C1EFF499B000953BA /* GameScene.sks in Resources */,
				064193881F110BFB00B7B3FE /* bounce.wav in Resources */,
				069211971EFF499B000953BA /* Assets.xcassets in Resources */,
				064193861F110BF500B7B3FE /* ping.wav in Resources */,
				0692119A1EFF499B000953BA /* LaunchScreen.storyboard in Resources */,
				0692118E1EFF499B000953BA /* Actions.sks in Resources */,
			);
			runOnlyForDeploymentPostprocessing = 0;
		};
/* End PBXResourcesBuildPhase section */

/* Begin PBXShellScriptBuildPhase section */
		008FF4FB549037905BE9B0F6 /* [CP] Copy Pods Resources */ = {
			isa = PBXShellScriptBuildPhase;
			buildActionMask = 2147483647;
			files = (
			);
			inputPaths = (
			);
			name = "[CP] Copy Pods Resources";
			outputPaths = (
			);
			runOnlyForDeploymentPostprocessing = 0;
			shellPath = /bin/sh;
			shellScript = "\"${SRCROOT}/Pods/Target Support Files/Pods-plinker/Pods-plinker-resources.sh\"\n";
			showEnvVarsInLog = 0;
		};
		0641937A1F0FFB5200B7B3FE /* ShellScript */ = {
			isa = PBXShellScriptBuildPhase;
			buildActionMask = 2147483647;
			files = (
			);
			inputPaths = (
			);
			outputPaths = (
			);
			runOnlyForDeploymentPostprocessing = 0;
			shellPath = /bin/sh;
			shellScript = "\"${PODS_ROOT}/Fabric/run\" a9cc3c114b202ec31390e423f8db307328800a9f 8999b85b5b17d0926cf3c5c45657aee0032aa33c613d4bf7779c97b9eaefdeca";
		};
		30B5725209272E26FE83D4DE /* [CP] Embed Pods Frameworks */ = {
			isa = PBXShellScriptBuildPhase;
			buildActionMask = 2147483647;
			files = (
			);
			inputPaths = (
			);
			name = "[CP] Embed Pods Frameworks";
			outputPaths = (
			);
			runOnlyForDeploymentPostprocessing = 0;
			shellPath = /bin/sh;
			shellScript = "\"${SRCROOT}/Pods/Target Support Files/Pods-plinker/Pods-plinker-frameworks.sh\"\n";
			showEnvVarsInLog = 0;
		};
		F77A5312AAFD52F6C937A466 /* [CP] Check Pods Manifest.lock */ = {
			isa = PBXShellScriptBuildPhase;
			buildActionMask = 2147483647;
			files = (
			);
			inputPaths = (
			);
			name = "[CP] Check Pods Manifest.lock";
			outputPaths = (
			);
			runOnlyForDeploymentPostprocessing = 0;
			shellPath = /bin/sh;
			shellScript = "diff \"${PODS_PODFILE_DIR_PATH}/Podfile.lock\" \"${PODS_ROOT}/Manifest.lock\" > /dev/null\nif [ $? != 0 ] ; then\n    # print error to STDERR\n    echo \"error: The sandbox is not in sync with the Podfile.lock. Run 'pod install' or update your CocoaPods installation.\" >&2\n    exit 1\nfi\n";
			showEnvVarsInLog = 0;
		};
/* End PBXShellScriptBuildPhase section */

/* Begin PBXSourcesBuildPhase section */
		069211821EFF499B000953BA /* Sources */ = {
			isa = PBXSourcesBuildPhase;
			buildActionMask = 2147483647;
			files = (
				064193771F0D3F3F00B7B3FE /* TargetBar.swift in Sources */,
				069211A41F016191000953BA /* GameOverView.swift in Sources */,
				069211901EFF499B000953BA /* GameScene.swift in Sources */,
				0641936F1F0AA04000B7B3FE /* CustomColor.swift in Sources */,
				069211921EFF499B000953BA /* GameViewController.swift in Sources */,
				06962E321F041841004D290B /* ProjectileDrawings.swift in Sources */,
				0641936D1F0A9F3D00B7B3FE /* Target.swift in Sources */,
				064193801F108CFF00B7B3FE /* RansomAdView.swift in Sources */,
				069211A21F015D00000953BA /* MenuButtons.swift in Sources */,
				064193841F108D5D00B7B3FE /* FiretailAdView.swift in Sources */,
				064193791F0D6D3A00B7B3FE /* Global.swift in Sources */,
				064F14201F1936E400C970A7 /* Dot.swift in Sources */,
				069211A61F01727C000953BA /* UIProtocolExtentions.swift in Sources */,
				064193631F06BA8C00B7B3FE /* Animation.swift in Sources */,
				064193821F108D1100B7B3FE /* FoobleAdView.swift in Sources */,
				064193751F0C6D2E00B7B3FE /* TargetCross.swift in Sources */,
				064193711F0AA72D00B7B3FE /* TargetSquare.swift in Sources */,
				0641937C1F103FA900B7B3FE /* QuadAdView.swift in Sources */,
				0692118A1EFF499B000953BA /* AppDelegate.swift in Sources */,
				0641937E1F108CD600B7B3FE /* NumberBlazerAdView.swift in Sources */,
			);
			runOnlyForDeploymentPostprocessing = 0;
		};
/* End PBXSourcesBuildPhase section */

/* Begin PBXVariantGroup section */
		069211931EFF499B000953BA /* Main.storyboard */ = {
			isa = PBXVariantGroup;
			children = (
				069211941EFF499B000953BA /* Base */,
			);
			name = Main.storyboard;
			sourceTree = "<group>";
		};
		069211981EFF499B000953BA /* LaunchScreen.storyboard */ = {
			isa = PBXVariantGroup;
			children = (
				069211991EFF499B000953BA /* Base */,
			);
			name = LaunchScreen.storyboard;
			sourceTree = "<group>";
		};
/* End PBXVariantGroup section */

/* Begin XCBuildConfiguration section */
		0692119C1EFF499C000953BA /* Debug */ = {
			isa = XCBuildConfiguration;
			buildSettings = {
				ALWAYS_SEARCH_USER_PATHS = NO;
				CLANG_ANALYZER_NONNULL = YES;
				CLANG_ANALYZER_NUMBER_OBJECT_CONVERSION = YES_AGGRESSIVE;
				CLANG_CXX_LANGUAGE_STANDARD = "gnu++0x";
				CLANG_CXX_LIBRARY = "libc++";
				CLANG_ENABLE_MODULES = YES;
				CLANG_ENABLE_OBJC_ARC = YES;
				CLANG_WARN_BOOL_CONVERSION = YES;
				CLANG_WARN_CONSTANT_CONVERSION = YES;
				CLANG_WARN_DIRECT_OBJC_ISA_USAGE = YES_ERROR;
				CLANG_WARN_DOCUMENTATION_COMMENTS = YES;
				CLANG_WARN_EMPTY_BODY = YES;
				CLANG_WARN_ENUM_CONVERSION = YES;
				CLANG_WARN_INFINITE_RECURSION = YES;
				CLANG_WARN_INT_CONVERSION = YES;
				CLANG_WARN_OBJC_ROOT_CLASS = YES_ERROR;
				CLANG_WARN_SUSPICIOUS_MOVE = YES;
				CLANG_WARN_UNREACHABLE_CODE = YES;
				CLANG_WARN__DUPLICATE_METHOD_MATCH = YES;
				"CODE_SIGN_IDENTITY[sdk=iphoneos*]" = "iPhone Developer";
				COPY_PHASE_STRIP = NO;
				DEBUG_INFORMATION_FORMAT = dwarf;
				ENABLE_STRICT_OBJC_MSGSEND = YES;
				ENABLE_TESTABILITY = YES;
				GCC_C_LANGUAGE_STANDARD = gnu99;
				GCC_DYNAMIC_NO_PIC = NO;
				GCC_NO_COMMON_BLOCKS = YES;
				GCC_OPTIMIZATION_LEVEL = 0;
				GCC_PREPROCESSOR_DEFINITIONS = (
					"DEBUG=1",
					"$(inherited)",
				);
				GCC_WARN_64_TO_32_BIT_CONVERSION = YES;
				GCC_WARN_ABOUT_RETURN_TYPE = YES_ERROR;
				GCC_WARN_UNDECLARED_SELECTOR = YES;
				GCC_WARN_UNINITIALIZED_AUTOS = YES_AGGRESSIVE;
				GCC_WARN_UNUSED_FUNCTION = YES;
				GCC_WARN_UNUSED_VARIABLE = YES;
				IPHONEOS_DEPLOYMENT_TARGET = 10.3;
				MTL_ENABLE_DEBUG_INFO = YES;
				ONLY_ACTIVE_ARCH = YES;
				SDKROOT = iphoneos;
				SWIFT_ACTIVE_COMPILATION_CONDITIONS = DEBUG;
				SWIFT_OPTIMIZATION_LEVEL = "-Onone";
			};
			name = Debug;
		};
		0692119D1EFF499C000953BA /* Release */ = {
			isa = XCBuildConfiguration;
			buildSettings = {
				ALWAYS_SEARCH_USER_PATHS = NO;
				CLANG_ANALYZER_NONNULL = YES;
				CLANG_ANALYZER_NUMBER_OBJECT_CONVERSION = YES_AGGRESSIVE;
				CLANG_CXX_LANGUAGE_STANDARD = "gnu++0x";
				CLANG_CXX_LIBRARY = "libc++";
				CLANG_ENABLE_MODULES = YES;
				CLANG_ENABLE_OBJC_ARC = YES;
				CLANG_WARN_BOOL_CONVERSION = YES;
				CLANG_WARN_CONSTANT_CONVERSION = YES;
				CLANG_WARN_DIRECT_OBJC_ISA_USAGE = YES_ERROR;
				CLANG_WARN_DOCUMENTATION_COMMENTS = YES;
				CLANG_WARN_EMPTY_BODY = YES;
				CLANG_WARN_ENUM_CONVERSION = YES;
				CLANG_WARN_INFINITE_RECURSION = YES;
				CLANG_WARN_INT_CONVERSION = YES;
				CLANG_WARN_OBJC_ROOT_CLASS = YES_ERROR;
				CLANG_WARN_SUSPICIOUS_MOVE = YES;
				CLANG_WARN_UNREACHABLE_CODE = YES;
				CLANG_WARN__DUPLICATE_METHOD_MATCH = YES;
				"CODE_SIGN_IDENTITY[sdk=iphoneos*]" = "iPhone Developer";
				COPY_PHASE_STRIP = NO;
				DEBUG_INFORMATION_FORMAT = "dwarf-with-dsym";
				ENABLE_NS_ASSERTIONS = NO;
				ENABLE_STRICT_OBJC_MSGSEND = YES;
				GCC_C_LANGUAGE_STANDARD = gnu99;
				GCC_NO_COMMON_BLOCKS = YES;
				GCC_WARN_64_TO_32_BIT_CONVERSION = YES;
				GCC_WARN_ABOUT_RETURN_TYPE = YES_ERROR;
				GCC_WARN_UNDECLARED_SELECTOR = YES;
				GCC_WARN_UNINITIALIZED_AUTOS = YES_AGGRESSIVE;
				GCC_WARN_UNUSED_FUNCTION = YES;
				GCC_WARN_UNUSED_VARIABLE = YES;
				IPHONEOS_DEPLOYMENT_TARGET = 10.3;
				MTL_ENABLE_DEBUG_INFO = NO;
				SDKROOT = iphoneos;
				SWIFT_OPTIMIZATION_LEVEL = "-Owholemodule";
				VALIDATE_PRODUCT = YES;
			};
			name = Release;
		};
		0692119F1EFF499C000953BA /* Debug */ = {
			isa = XCBuildConfiguration;
			baseConfigurationReference = 3C6CD54DDCF8AF78413B5BD5 /* Pods-plinker.debug.xcconfig */;
			buildSettings = {
				ASSETCATALOG_COMPILER_APPICON_NAME = AppIcon;
				ASSETCATALOG_COMPILER_LAUNCHIMAGE_NAME = LaunchImage;
				DEBUG_INFORMATION_FORMAT = "dwarf-with-dsym";
				DEVELOPMENT_TEAM = 3KFA49ZHXN;
				INFOPLIST_FILE = plinker/Info.plist;
				LD_RUNPATH_SEARCH_PATHS = "$(inherited) @executable_path/Frameworks";
				PRODUCT_BUNDLE_IDENTIFIER = com.rightBrothers.plinkerPool;
				PRODUCT_NAME = "$(TARGET_NAME)";
				SWIFT_VERSION = 3.0;
			};
			name = Debug;
		};
		069211A01EFF499C000953BA /* Release */ = {
			isa = XCBuildConfiguration;
			baseConfigurationReference = 87323BCCBEA979D28EF1C5F2 /* Pods-plinker.release.xcconfig */;
			buildSettings = {
				ASSETCATALOG_COMPILER_APPICON_NAME = AppIcon;
				ASSETCATALOG_COMPILER_LAUNCHIMAGE_NAME = LaunchImage;
				DEBUG_INFORMATION_FORMAT = "dwarf-with-dsym";
				DEVELOPMENT_TEAM = 3KFA49ZHXN;
				INFOPLIST_FILE = plinker/Info.plist;
				LD_RUNPATH_SEARCH_PATHS = "$(inherited) @executable_path/Frameworks";
				PRODUCT_BUNDLE_IDENTIFIER = com.rightBrothers.plinkerPool;
				PRODUCT_NAME = "$(TARGET_NAME)";
				SWIFT_VERSION = 3.0;
			};
			name = Release;
		};
/* End XCBuildConfiguration section */

/* Begin XCConfigurationList section */
		069211811EFF499B000953BA /* Build configuration list for PBXProject "plinker" */ = {
			isa = XCConfigurationList;
			buildConfigurations = (
				0692119C1EFF499C000953BA /* Debug */,
				0692119D1EFF499C000953BA /* Release */,
			);
			defaultConfigurationIsVisible = 0;
			defaultConfigurationName = Release;
		};
		0692119E1EFF499C000953BA /* Build configuration list for PBXNativeTarget "plinker" */ = {
			isa = XCConfigurationList;
			buildConfigurations = (
				0692119F1EFF499C000953BA /* Debug */,
				069211A01EFF499C000953BA /* Release */,
			);
			defaultConfigurationIsVisible = 0;
			defaultConfigurationName = Release;
		};
/* End XCConfigurationList section */
	};
	rootObject = 0692117E1EFF499B000953BA /* Project object */;
}
